// !$*UTF8*$!
{
	archiveVersion = 1;
	classes = {
	};
	objectVersion = 46;
	objects = {

/* Begin PBXBuildFile section */
		244BB6D012910A87E6CC2C2C /* framer.m in Sources */ = {isa = PBXBuildFile; fileRef = D41578F0B5BFD674C786BE70 /* framer.m */; };
		24AA9A7017EA2280B4CEC25D /* parser.m in Sources */ = {isa = PBXBuildFile; fileRef = E297C076EEC2BFE5ED53C0B5 /* parser.m */; };
		5B729F72EB6DE29B262DFAF0 /* scheduler.m in Sources */ = {isa = PBXBuildFile; fileRef = 200CA7FA64B5319D37329EA6 /* scheduler.m */; };
		7F22FBD21F4B7C02CAF55F57 /* common.m in Sources */ = {isa = PBXBuildFile; fileRef = 2147779190350CC61FC0EB00 /* common.m */; };
		A0906B6ADDAFB33CCE71DF39 /* loop.m in Sources */ = {isa = PBXBuildFile; fileRef = CEF1C3419B7B9AEE218767D3 /* loop.m */; };
		B79303834659B6011BCDE4D5 /* ispdy.m in Sources */ = {isa = PBXBuildFile; fileRef = A8BAF6055ADB08371789A613 /* ispdy.m */; };
		C94AC6A027DCC8D53959CBA8 /* compressor.m in Sources */ = {isa = PBXBuildFile; fileRef = CC918B796C4FF8A20A59A9F7 /* compressor.m */; };
		EA15D1E6D2D84AB77A7D94A9 /* request.m in Sources */ = {isa = PBXBuildFile; fileRef = 5CAC517DA29EA41287848B51 /* request.m */; };
/* End PBXBuildFile section */

/* Begin PBXFileReference section */
		200CA7FA64B5319D37329EA6 /* scheduler.m */ = {isa = PBXFileReference; lastKnownFileType = sourcecode.c.objc; path = scheduler.m; sourceTree = "<group>"; };
		2147779190350CC61FC0EB00 /* common.m */ = {isa = PBXFileReference; lastKnownFileType = sourcecode.c.objc; path = common.m; sourceTree = "<group>"; };
		5CAC517DA29EA41287848B51 /* request.m */ = {isa = PBXFileReference; lastKnownFileType = sourcecode.c.objc; path = request.m; sourceTree = "<group>"; };
		67FE98F2979E02CFF845303A /* common.gypi */ = {isa = PBXFileReference; explicitFileType = sourcecode; path = common.gypi; sourceTree = "<group>"; };
		A8BAF6055ADB08371789A613 /* ispdy.m */ = {isa = PBXFileReference; lastKnownFileType = sourcecode.c.objc; path = ispdy.m; sourceTree = "<group>"; };
		CC918B796C4FF8A20A59A9F7 /* compressor.m */ = {isa = PBXFileReference; lastKnownFileType = sourcecode.c.objc; path = compressor.m; sourceTree = "<group>"; };
		CEF1C3419B7B9AEE218767D3 /* loop.m */ = {isa = PBXFileReference; lastKnownFileType = sourcecode.c.objc; path = loop.m; sourceTree = "<group>"; };
		D41578F0B5BFD674C786BE70 /* framer.m */ = {isa = PBXFileReference; lastKnownFileType = sourcecode.c.objc; path = framer.m; sourceTree = "<group>"; };
		E297C076EEC2BFE5ED53C0B5 /* parser.m */ = {isa = PBXFileReference; lastKnownFileType = sourcecode.c.objc; path = parser.m; sourceTree = "<group>"; };
		F1B6D0307D333BF8466F0CD7 /* libispdy.a */ = {isa = PBXFileReference; explicitFileType = archive.ar; includeInIndex = 0; path = libispdy.a; sourceTree = BUILT_PRODUCTS_DIR; };
		F8CE0A1F653D60208C1FE040 /* ispdy.gyp */ = {isa = PBXFileReference; explicitFileType = sourcecode; path = ispdy.gyp; sourceTree = "<group>"; };
/* End PBXFileReference section */

/* Begin PBXFrameworksBuildPhase section */
		0A84DF154409DFCACBD13A33 /* Frameworks */ = {
			isa = PBXFrameworksBuildPhase;
			buildActionMask = 2147483647;
			files = (
			);
			runOnlyForDeploymentPostprocessing = 0;
		};
/* End PBXFrameworksBuildPhase section */

/* Begin PBXGroup section */
		07C1B5A4E14BFE63CB808E1F /* Build */ = {
			isa = PBXGroup;
			children = (
				67FE98F2979E02CFF845303A /* common.gypi */,
				F8CE0A1F653D60208C1FE040 /* ispdy.gyp */,
			);
			name = Build;
			sourceTree = "<group>";
		};
		48D1903C083EE9A895DECC1B /* Products */ = {
			isa = PBXGroup;
			children = (
				F1B6D0307D333BF8466F0CD7 /* libispdy.a */,
			);
			name = Products;
			sourceTree = "<group>";
		};
		4A987CBA04B495DCBDC4E60C /* Source */ = {
			isa = PBXGroup;
			children = (
				2147779190350CC61FC0EB00 /* common.m */,
				CC918B796C4FF8A20A59A9F7 /* compressor.m */,
				D41578F0B5BFD674C786BE70 /* framer.m */,
				A8BAF6055ADB08371789A613 /* ispdy.m */,
				CEF1C3419B7B9AEE218767D3 /* loop.m */,
				E297C076EEC2BFE5ED53C0B5 /* parser.m */,
				5CAC517DA29EA41287848B51 /* request.m */,
				200CA7FA64B5319D37329EA6 /* scheduler.m */,
			);
			name = Source;
			path = src;
			sourceTree = "<group>";
		};
		98F88FEBDF19C8465C911792 = {
			isa = PBXGroup;
			children = (
				4A987CBA04B495DCBDC4E60C /* Source */,
				48D1903C083EE9A895DECC1B /* Products */,
				07C1B5A4E14BFE63CB808E1F /* Build */,
			);
			sourceTree = "<group>";
		};
/* End PBXGroup section */

/* Begin PBXNativeTarget section */
		B573B2622B94D5CF0ABE3D40 /* ispdy */ = {
			isa = PBXNativeTarget;
			buildConfigurationList = BE3EB3942BFB67E438AD190B /* Build configuration list for PBXNativeTarget "ispdy" */;
			buildPhases = (
				68D9087FE4B0EB80DC9DD6BE /* Sources */,
				0A84DF154409DFCACBD13A33 /* Frameworks */,
			);
			buildRules = (
			);
			dependencies = (
			);
			name = ispdy;
			productName = ispdy;
			productReference = F1B6D0307D333BF8466F0CD7 /* libispdy.a */;
			productType = "com.apple.product-type.library.static";
		};
/* End PBXNativeTarget section */

/* Begin PBXProject section */
		58DC223F78CFE4BFDEF75941 /* Project object */ = {
			isa = PBXProject;
			attributes = {
				BuildIndependentTargetsInParallel = YES;
			};
			buildConfigurationList = 7285C2C37BAD29A335EAE2F2 /* Build configuration list for PBXProject "ispdy-iphonesimulator" */;
			compatibilityVersion = "Xcode 3.2";
			hasScannedForEncodings = 1;
			mainGroup = 98F88FEBDF19C8465C911792;
			projectDirPath = "";
			projectRoot = "";
			targets = (
				B573B2622B94D5CF0ABE3D40 /* ispdy */,
			);
		};
/* End PBXProject section */

/* Begin PBXSourcesBuildPhase section */
		68D9087FE4B0EB80DC9DD6BE /* Sources */ = {
			isa = PBXSourcesBuildPhase;
			buildActionMask = 2147483647;
			files = (
				B79303834659B6011BCDE4D5 /* ispdy.m in Sources */,
				7F22FBD21F4B7C02CAF55F57 /* common.m in Sources */,
				C94AC6A027DCC8D53959CBA8 /* compressor.m in Sources */,
				244BB6D012910A87E6CC2C2C /* framer.m in Sources */,
				A0906B6ADDAFB33CCE71DF39 /* loop.m in Sources */,
				24AA9A7017EA2280B4CEC25D /* parser.m in Sources */,
				EA15D1E6D2D84AB77A7D94A9 /* request.m in Sources */,
				5B729F72EB6DE29B262DFAF0 /* scheduler.m in Sources */,
			);
			runOnlyForDeploymentPostprocessing = 0;
		};
/* End PBXSourcesBuildPhase section */

/* Begin XCBuildConfiguration section */
		2625755A4C2C1ECEFF9CBF41 /* Debug */ = {
			isa = XCBuildConfiguration;
			buildSettings = {
				ARCHS = (
					x86_64,
					i386,
				);
				CLANG_ENABLE_OBJC_ARC = YES;
				EXECUTABLE_PREFIX = lib;
				GCC_OPTIMIZATION_LEVEL = 0;
				GCC_PREPROCESSOR_DEFINITIONS = (
					SENTEST_IGNORE_DEPRECATION_WARNING,
					DEBUG,
					_DEBUG,
				);
				GCC_VERSION = com.apple.compilers.llvm.clang.1_0;
				GCC_WARN_ABOUT_MISSING_NEWLINE = YES;
				HEADER_SEARCH_PATHS = (
					include,
					.,
				);
				OTHER_CFLAGS = (
					"-fstrict-aliasing",
					"-F/Applications/Xcode.app/Contents/Developer/Platforms/iPhoneSimulator.platform/Developer/SDKs/iPhoneSimulator8.4.sdk/Developer/Library/Frameworks",
					"-F/Applications/Xcode.app/Contents/Developer/Library/Frameworks",
				);
				PREBINDING = NO;
				PRODUCT_NAME = ispdy;
				SDKROOT = iphonesimulator;
				WARNING_CFLAGS = (
					"-Wall",
					"-Wendif-labels",
					"-W",
					"-Wno-unused-parameter",
					"-Wundeclared-selector",
				);
			};
			name = Debug;
		};
		62FB5D5BF51C5CC64A6E1652 /* Release */ = {
			isa = XCBuildConfiguration;
			buildSettings = {
				INTERMEDIATE_DIR = "$(PROJECT_DERIVED_FILE_DIR)/$(CONFIGURATION)";
				SHARED_INTERMEDIATE_DIR = "$(SYMROOT)/DerivedSources/$(CONFIGURATION)";
			};
			name = Release;
		};
		7443625F9FBC8B0A8580E750 /* Debug */ = {
			isa = XCBuildConfiguration;
			buildSettings = {
				INTERMEDIATE_DIR = "$(PROJECT_DERIVED_FILE_DIR)/$(CONFIGURATION)";
				SHARED_INTERMEDIATE_DIR = "$(SYMROOT)/DerivedSources/$(CONFIGURATION)";
			};
			name = Debug;
		};
		A28AC00184E1883E8D8AAE94 /* Release */ = {
			isa = XCBuildConfiguration;
			buildSettings = {
				ARCHS = (
					x86_64,
					i386,
				);
				CLANG_ENABLE_OBJC_ARC = YES;
				EXECUTABLE_PREFIX = lib;
				GCC_OPTIMIZATION_LEVEL = 3;
				GCC_PREPROCESSOR_DEFINITIONS = (
					SENTEST_IGNORE_DEPRECATION_WARNING,
					NDEBUG,
				);
				GCC_VERSION = com.apple.compilers.llvm.clang.1_0;
				GCC_WARN_ABOUT_MISSING_NEWLINE = YES;
				HEADER_SEARCH_PATHS = (
					include,
					.,
				);
				OTHER_CFLAGS = (
					"-fstrict-aliasing",
					"-F/Applications/Xcode.app/Contents/Developer/Platforms/iPhoneSimulator.platform/Developer/SDKs/iPhoneSimulator8.4.sdk/Developer/Library/Frameworks",
					"-F/Applications/Xcode.app/Contents/Developer/Library/Frameworks",
					"-flto",
				);
				PREBINDING = NO;
				PRODUCT_NAME = ispdy;
				SDKROOT = iphonesimulator;
				WARNING_CFLAGS = (
					"-Wall",
					"-Wendif-labels",
					"-W",
					"-Wno-unused-parameter",
					"-Wundeclared-selector",
				);
			};
			name = Release;
		};
/* End XCBuildConfiguration section */

/* Begin XCConfigurationList section */
		7285C2C37BAD29A335EAE2F2 /* Build configuration list for PBXProject "ispdy-iphonesimulator" */ = {
			isa = XCConfigurationList;
			buildConfigurations = (
				7443625F9FBC8B0A8580E750 /* Debug */,
				62FB5D5BF51C5CC64A6E1652 /* Release */,
			);
			defaultConfigurationIsVisible = 1;
			defaultConfigurationName = Debug;
		};
		BE3EB3942BFB67E438AD190B /* Build configuration list for PBXNativeTarget "ispdy" */ = {
			isa = XCConfigurationList;
			buildConfigurations = (
				2625755A4C2C1ECEFF9CBF41 /* Debug */,
				A28AC00184E1883E8D8AAE94 /* Release */,
			);
			defaultConfigurationIsVisible = 1;
			defaultConfigurationName = Debug;
		};
/* End XCConfigurationList section */
	};
	rootObject = 58DC223F78CFE4BFDEF75941 /* Project object */;
}
