// !$*UTF8*$!
{
	archiveVersion = 1;
	classes = {
	};
	objectVersion = 46;
	objects = {

/* Begin PBXBuildFile section */
		417924404BC5B8BF60F4B5DE /* loop.m in Sources */ = {isa = PBXBuildFile; fileRef = 4E0EC184FCD7551AB66886F7 /* loop.m */; };
		421C6A7E7016771BF018CCDD /* scheduler.m in Sources */ = {isa = PBXBuildFile; fileRef = DF304A7B3433254DE3D5DA14 /* scheduler.m */; };
		4DC5983DE2A94B1543B27939 /* framer.m in Sources */ = {isa = PBXBuildFile; fileRef = 6EBA2C150746BFDC0206E2BE /* framer.m */; };
		5BBF19FE55407CB1D2C35368 /* ispdy.m in Sources */ = {isa = PBXBuildFile; fileRef = F2BECCAFB7B2933C633E2491 /* ispdy.m */; };
		61AEFB0495F635D662107B98 /* compressor.m in Sources */ = {isa = PBXBuildFile; fileRef = BC14B2F2F4788C9FFF53EBF6 /* compressor.m */; };
		8EE4966CD70524A3C19FEED0 /* common.m in Sources */ = {isa = PBXBuildFile; fileRef = 45E89AE67B8AE6EF4718D7C3 /* common.m */; };
		B57A6648164EBCF04E2346B0 /* parser.m in Sources */ = {isa = PBXBuildFile; fileRef = 33DFEE9ACE47E7C730EA8CD2 /* parser.m */; };
		E7AF1831347DA8C5E629932B /* request.m in Sources */ = {isa = PBXBuildFile; fileRef = B87CA2A3A16180D1988E1BB7 /* request.m */; };
/* End PBXBuildFile section */

/* Begin PBXFileReference section */
		33DFEE9ACE47E7C730EA8CD2 /* parser.m */ = {isa = PBXFileReference; lastKnownFileType = sourcecode.c.objc; path = parser.m; sourceTree = "<group>"; };
		45E89AE67B8AE6EF4718D7C3 /* common.m */ = {isa = PBXFileReference; lastKnownFileType = sourcecode.c.objc; path = common.m; sourceTree = "<group>"; };
		4E0EC184FCD7551AB66886F7 /* loop.m */ = {isa = PBXFileReference; lastKnownFileType = sourcecode.c.objc; path = loop.m; sourceTree = "<group>"; };
		6AF6F9E82A1073215C9B4291 /* libispdy.a */ = {isa = PBXFileReference; explicitFileType = archive.ar; includeInIndex = 0; path = libispdy.a; sourceTree = BUILT_PRODUCTS_DIR; };
		6EBA2C150746BFDC0206E2BE /* framer.m */ = {isa = PBXFileReference; lastKnownFileType = sourcecode.c.objc; path = framer.m; sourceTree = "<group>"; };
		8AEF56409804C8D3F7FA1221 /* common.gypi */ = {isa = PBXFileReference; explicitFileType = sourcecode; path = common.gypi; sourceTree = "<group>"; };
		B87CA2A3A16180D1988E1BB7 /* request.m */ = {isa = PBXFileReference; lastKnownFileType = sourcecode.c.objc; path = request.m; sourceTree = "<group>"; };
		BC14B2F2F4788C9FFF53EBF6 /* compressor.m */ = {isa = PBXFileReference; lastKnownFileType = sourcecode.c.objc; path = compressor.m; sourceTree = "<group>"; };
		DF304A7B3433254DE3D5DA14 /* scheduler.m */ = {isa = PBXFileReference; lastKnownFileType = sourcecode.c.objc; path = scheduler.m; sourceTree = "<group>"; };
		EDBF9BDBD9F612EF82FD2FA4 /* ispdy.gyp */ = {isa = PBXFileReference; explicitFileType = sourcecode; path = ispdy.gyp; sourceTree = "<group>"; };
		F2BECCAFB7B2933C633E2491 /* ispdy.m */ = {isa = PBXFileReference; lastKnownFileType = sourcecode.c.objc; path = ispdy.m; sourceTree = "<group>"; };
/* End PBXFileReference section */

/* Begin PBXFrameworksBuildPhase section */
		F53C419249A6E2757BFA2F45 /* Frameworks */ = {
			isa = PBXFrameworksBuildPhase;
			buildActionMask = 2147483647;
			files = (
			);
			runOnlyForDeploymentPostprocessing = 0;
		};
/* End PBXFrameworksBuildPhase section */

/* Begin PBXGroup section */
		09D72A3446683184C3DA8B19 = {
			isa = PBXGroup;
			children = (
				76A0499926D35BC73B27804E /* Source */,
				89F1B268A8AE1DB046DF10EA /* Products */,
				DC9A387065BBBB1DAFC5D681 /* Build */,
			);
			sourceTree = "<group>";
		};
		76A0499926D35BC73B27804E /* Source */ = {
			isa = PBXGroup;
			children = (
				45E89AE67B8AE6EF4718D7C3 /* common.m */,
				BC14B2F2F4788C9FFF53EBF6 /* compressor.m */,
				6EBA2C150746BFDC0206E2BE /* framer.m */,
				F2BECCAFB7B2933C633E2491 /* ispdy.m */,
				4E0EC184FCD7551AB66886F7 /* loop.m */,
				33DFEE9ACE47E7C730EA8CD2 /* parser.m */,
				B87CA2A3A16180D1988E1BB7 /* request.m */,
				DF304A7B3433254DE3D5DA14 /* scheduler.m */,
			);
			name = Source;
			path = src;
			sourceTree = "<group>";
		};
		89F1B268A8AE1DB046DF10EA /* Products */ = {
			isa = PBXGroup;
			children = (
				6AF6F9E82A1073215C9B4291 /* libispdy.a */,
			);
			name = Products;
			sourceTree = "<group>";
		};
		DC9A387065BBBB1DAFC5D681 /* Build */ = {
			isa = PBXGroup;
			children = (
				8AEF56409804C8D3F7FA1221 /* common.gypi */,
				EDBF9BDBD9F612EF82FD2FA4 /* ispdy.gyp */,
			);
			name = Build;
			sourceTree = "<group>";
		};
/* End PBXGroup section */

/* Begin PBXNativeTarget section */
		B998BAC2900FCF1CDD570ADF /* ispdy */ = {
			isa = PBXNativeTarget;
			buildConfigurationList = 9DBA14FA769F8ABC1AD48836 /* Build configuration list for PBXNativeTarget "ispdy" */;
			buildPhases = (
				AB29254E9127608D3848D5F3 /* Sources */,
				F53C419249A6E2757BFA2F45 /* Frameworks */,
			);
			buildRules = (
			);
			dependencies = (
			);
			name = ispdy;
			productName = ispdy;
			productReference = 6AF6F9E82A1073215C9B4291 /* libispdy.a */;
			productType = "com.apple.product-type.library.static";
		};
/* End PBXNativeTarget section */

/* Begin PBXProject section */
		84FF0D5E949316272C07C97F /* Project object */ = {
			isa = PBXProject;
			attributes = {
				BuildIndependentTargetsInParallel = YES;
			};
			buildConfigurationList = 97733FC07CD992A00FB661F2 /* Build configuration list for PBXProject "ispdy-iphoneos" */;
			compatibilityVersion = "Xcode 3.2";
			hasScannedForEncodings = 1;
			mainGroup = 09D72A3446683184C3DA8B19;
			projectDirPath = "";
			projectRoot = "";
			targets = (
				B998BAC2900FCF1CDD570ADF /* ispdy */,
			);
		};
/* End PBXProject section */

/* Begin PBXSourcesBuildPhase section */
		AB29254E9127608D3848D5F3 /* Sources */ = {
			isa = PBXSourcesBuildPhase;
			buildActionMask = 2147483647;
			files = (
				5BBF19FE55407CB1D2C35368 /* ispdy.m in Sources */,
				8EE4966CD70524A3C19FEED0 /* common.m in Sources */,
				61AEFB0495F635D662107B98 /* compressor.m in Sources */,
				4DC5983DE2A94B1543B27939 /* framer.m in Sources */,
				417924404BC5B8BF60F4B5DE /* loop.m in Sources */,
				B57A6648164EBCF04E2346B0 /* parser.m in Sources */,
				E7AF1831347DA8C5E629932B /* request.m in Sources */,
				421C6A7E7016771BF018CCDD /* scheduler.m in Sources */,
			);
			runOnlyForDeploymentPostprocessing = 0;
		};
/* End PBXSourcesBuildPhase section */

/* Begin XCBuildConfiguration section */
		259C6554D53D5A98ABDAD2D8 /* Release */ = {
			isa = XCBuildConfiguration;
			buildSettings = {
				INTERMEDIATE_DIR = "$(PROJECT_DERIVED_FILE_DIR)/$(CONFIGURATION)";
				SHARED_INTERMEDIATE_DIR = "$(SYMROOT)/DerivedSources/$(CONFIGURATION)";
			};
			name = Release;
		};
		5459E02B5E6D0632E756BE8A /* Debug */ = {
			isa = XCBuildConfiguration;
			buildSettings = {
				INTERMEDIATE_DIR = "$(PROJECT_DERIVED_FILE_DIR)/$(CONFIGURATION)";
				SHARED_INTERMEDIATE_DIR = "$(SYMROOT)/DerivedSources/$(CONFIGURATION)";
			};
			name = Debug;
		};
		6529C6A3DED07F81C67AE269 /* Debug */ = {
			isa = XCBuildConfiguration;
			buildSettings = {
				ARCHS = (
					armv7,
					armv7s,
					arm64,
				);
				CLANG_ENABLE_OBJC_ARC = YES;
				EXECUTABLE_PREFIX = lib;
				GCC_OPTIMIZATION_LEVEL = 0;
				GCC_PREPROCESSOR_DEFINITIONS = (
					DEBUG,
					_DEBUG,
				);
				GCC_VERSION = com.apple.compilers.llvm.clang.1_0;
				GCC_WARN_ABOUT_MISSING_NEWLINE = YES;
				HEADER_SEARCH_PATHS = (
					include,
					.,
				);
				OTHER_CFLAGS = (
					"-fstrict-aliasing",
					"-F/Applications/Xcode.app/Contents/Developer/Platforms/iPhoneOS.platform/Developer/SDKs/iPhoneOS8.4.sdk/Developer/Library/Frameworks",
					"-F/Applications/Xcode.app/Contents/Developer/Library/Frameworks",
				);
				PREBINDING = NO;
				PRODUCT_NAME = ispdy;
				SDKROOT = iphoneos;
				WARNING_CFLAGS = (
					"-Wall",
					"-Wendif-labels",
					"-W",
					"-Wno-unused-parameter",
					"-Wundeclared-selector",
				);
			};
			name = Debug;
		};
		C283277CC8E3A71F1A48F2DC /* Release */ = {
			isa = XCBuildConfiguration;
			buildSettings = {
				ARCHS = (
					armv7,
					armv7s,
					arm64,
				);
				CLANG_ENABLE_OBJC_ARC = YES;
				EXECUTABLE_PREFIX = lib;
				GCC_OPTIMIZATION_LEVEL = 3;
				GCC_PREPROCESSOR_DEFINITIONS = NDEBUG;
				GCC_VERSION = com.apple.compilers.llvm.clang.1_0;
				GCC_WARN_ABOUT_MISSING_NEWLINE = YES;
				HEADER_SEARCH_PATHS = (
					include,
					.,
				);
				OTHER_CFLAGS = (
					"-fstrict-aliasing",
					"-F/Applications/Xcode.app/Contents/Developer/Platforms/iPhoneOS.platform/Developer/SDKs/iPhoneOS8.4.sdk/Developer/Library/Frameworks",
					"-F/Applications/Xcode.app/Contents/Developer/Library/Frameworks",
					"-flto",
				);
				PREBINDING = NO;
				PRODUCT_NAME = ispdy;
				SDKROOT = iphoneos;
				WARNING_CFLAGS = (
					"-Wall",
					"-Wendif-labels",
					"-W",
					"-Wno-unused-parameter",
					"-Wundeclared-selector",
				);
			};
			name = Release;
		};
/* End XCBuildConfiguration section */

/* Begin XCConfigurationList section */
		97733FC07CD992A00FB661F2 /* Build configuration list for PBXProject "ispdy-iphoneos" */ = {
			isa = XCConfigurationList;
			buildConfigurations = (
				5459E02B5E6D0632E756BE8A /* Debug */,
				259C6554D53D5A98ABDAD2D8 /* Release */,
			);
			defaultConfigurationIsVisible = 1;
			defaultConfigurationName = Debug;
		};
		9DBA14FA769F8ABC1AD48836 /* Build configuration list for PBXNativeTarget "ispdy" */ = {
			isa = XCConfigurationList;
			buildConfigurations = (
				6529C6A3DED07F81C67AE269 /* Debug */,
				C283277CC8E3A71F1A48F2DC /* Release */,
			);
			defaultConfigurationIsVisible = 1;
			defaultConfigurationName = Debug;
		};
/* End XCConfigurationList section */
	};
	rootObject = 84FF0D5E949316272C07C97F /* Project object */;
}
