// !$*UTF8*$!
{
	archiveVersion = 1;
	classes = {
	};
	objectVersion = 45;
	objects = {

/* Begin PBXBuildFile section */
		0425DC20533EE477D59B47FE /* compressor.m in Sources */ = {isa = PBXBuildFile; fileRef = 422F510DC399B7D2261860D8 /* compressor.m */; };
		0802945D8C846661D2408DBD /* parser.m in Sources */ = {isa = PBXBuildFile; fileRef = ACAD7D25070F3B0C1281C50D /* parser.m */; };
		0C29D45DAA55FB778A8AB1BF /* request.m in Sources */ = {isa = PBXBuildFile; fileRef = 50DA715CE8118ABAB12E6CFC /* request.m */; };
		24BBE56049845271558E46E0 /* loop.m in Sources */ = {isa = PBXBuildFile; fileRef = 86499F11A2FFCB31850E1853 /* loop.m */; };
		4B77BF3E78F1941DB3FCC18A /* framer.m in Sources */ = {isa = PBXBuildFile; fileRef = C3A562BF56E752F57CB97A26 /* framer.m */; };
		705AE7435646E2F6698193D0 /* ispdy.m in Sources */ = {isa = PBXBuildFile; fileRef = 99A43FD204511E9550A81EA2 /* ispdy.m */; };
		9AB86AE59DC71E019C72920C /* scheduler.m in Sources */ = {isa = PBXBuildFile; fileRef = AF46B072A545C096E40407D8 /* scheduler.m */; };
/* End PBXBuildFile section */

/* Begin PBXFileReference section */
		11911A7BE8FAC20C42FF75E4 /* ispdy.gyp */ = {isa = PBXFileReference; explicitFileType = sourcecode; path = ispdy.gyp; sourceTree = "<group>"; };
		422F510DC399B7D2261860D8 /* compressor.m */ = {isa = PBXFileReference; lastKnownFileType = sourcecode.c.objc; path = compressor.m; sourceTree = "<group>"; };
		50DA715CE8118ABAB12E6CFC /* request.m */ = {isa = PBXFileReference; lastKnownFileType = sourcecode.c.objc; path = request.m; sourceTree = "<group>"; };
		6B9DA35599F8F39E1A85D8AC /* common.gypi */ = {isa = PBXFileReference; explicitFileType = sourcecode; path = common.gypi; sourceTree = "<group>"; };
		6C251FCB50C862270F2BC3AB /* libispdy.a */ = {isa = PBXFileReference; explicitFileType = archive.ar; includeInIndex = 0; path = libispdy.a; sourceTree = BUILT_PRODUCTS_DIR; };
		86499F11A2FFCB31850E1853 /* loop.m */ = {isa = PBXFileReference; lastKnownFileType = sourcecode.c.objc; path = loop.m; sourceTree = "<group>"; };
		99A43FD204511E9550A81EA2 /* ispdy.m */ = {isa = PBXFileReference; lastKnownFileType = sourcecode.c.objc; path = ispdy.m; sourceTree = "<group>"; };
		ACAD7D25070F3B0C1281C50D /* parser.m */ = {isa = PBXFileReference; lastKnownFileType = sourcecode.c.objc; path = parser.m; sourceTree = "<group>"; };
		AF46B072A545C096E40407D8 /* scheduler.m */ = {isa = PBXFileReference; lastKnownFileType = sourcecode.c.objc; path = scheduler.m; sourceTree = "<group>"; };
		C3A562BF56E752F57CB97A26 /* framer.m */ = {isa = PBXFileReference; lastKnownFileType = sourcecode.c.objc; path = framer.m; sourceTree = "<group>"; };
/* End PBXFileReference section */

/* Begin PBXFrameworksBuildPhase section */
		523AF748CB061B609CA20D9A /* Frameworks */ = {
			isa = PBXFrameworksBuildPhase;
			buildActionMask = 2147483647;
			files = (
			);
			runOnlyForDeploymentPostprocessing = 0;
		};
/* End PBXFrameworksBuildPhase section */

/* Begin PBXGroup section */
		15BD668C5F7EA05F4F15BC10 /* Source */ = {
			isa = PBXGroup;
			children = (
				422F510DC399B7D2261860D8 /* compressor.m */,
				C3A562BF56E752F57CB97A26 /* framer.m */,
				99A43FD204511E9550A81EA2 /* ispdy.m */,
				86499F11A2FFCB31850E1853 /* loop.m */,
				ACAD7D25070F3B0C1281C50D /* parser.m */,
				50DA715CE8118ABAB12E6CFC /* request.m */,
				AF46B072A545C096E40407D8 /* scheduler.m */,
			);
			name = Source;
			path = src;
			sourceTree = "<group>";
		};
		5FAF26BA3831603EA5FE8A54 = {
			isa = PBXGroup;
			children = (
				15BD668C5F7EA05F4F15BC10 /* Source */,
				856233B35497A6166D726A18 /* Products */,
				B110DF048F534EA18B2536AA /* Build */,
			);
			sourceTree = "<group>";
		};
		856233B35497A6166D726A18 /* Products */ = {
			isa = PBXGroup;
			children = (
				6C251FCB50C862270F2BC3AB /* libispdy.a */,
			);
			name = Products;
			sourceTree = "<group>";
		};
		B110DF048F534EA18B2536AA /* Build */ = {
			isa = PBXGroup;
			children = (
				6B9DA35599F8F39E1A85D8AC /* common.gypi */,
				11911A7BE8FAC20C42FF75E4 /* ispdy.gyp */,
			);
			name = Build;
			sourceTree = "<group>";
		};
/* End PBXGroup section */

/* Begin PBXNativeTarget section */
		A751913C637D80531351E6AE /* ispdy */ = {
			isa = PBXNativeTarget;
			buildConfigurationList = 15BB16B0589D827F9C978649 /* Build configuration list for PBXNativeTarget "ispdy" */;
			buildPhases = (
				B236197CDDBC53D67F57EE73 /* Sources */,
				523AF748CB061B609CA20D9A /* Frameworks */,
			);
			buildRules = (
			);
			dependencies = (
			);
			name = ispdy;
			productName = ispdy;
			productReference = 6C251FCB50C862270F2BC3AB /* libispdy.a */;
			productType = "com.apple.product-type.library.static";
		};
/* End PBXNativeTarget section */

/* Begin PBXProject section */
		64C0E7D6A61E828A905ABA91 /* Project object */ = {
			isa = PBXProject;
			attributes = {
				BuildIndependentTargetsInParallel = YES;
			};
			buildConfigurationList = B56B93D683B8DE014010407A /* Build configuration list for PBXProject "ispdy-macosx" */;
			compatibilityVersion = "Xcode 3.2";
			hasScannedForEncodings = 1;
			mainGroup = 5FAF26BA3831603EA5FE8A54;
			projectDirPath = "";
			projectRoot = "";
			targets = (
				A751913C637D80531351E6AE /* ispdy */,
			);
		};
/* End PBXProject section */

/* Begin PBXSourcesBuildPhase section */
		B236197CDDBC53D67F57EE73 /* Sources */ = {
			isa = PBXSourcesBuildPhase;
			buildActionMask = 2147483647;
			files = (
				705AE7435646E2F6698193D0 /* ispdy.m in Sources */,
				0425DC20533EE477D59B47FE /* compressor.m in Sources */,
				4B77BF3E78F1941DB3FCC18A /* framer.m in Sources */,
				24BBE56049845271558E46E0 /* loop.m in Sources */,
				0802945D8C846661D2408DBD /* parser.m in Sources */,
				0C29D45DAA55FB778A8AB1BF /* request.m in Sources */,
				9AB86AE59DC71E019C72920C /* scheduler.m in Sources */,
			);
			runOnlyForDeploymentPostprocessing = 0;
		};
/* End PBXSourcesBuildPhase section */

/* Begin XCBuildConfiguration section */
		40D842764495120BB72CE70E /* Release */ = {
			isa = XCBuildConfiguration;
			buildSettings = {
				ARCHS = x86_64;
				CLANG_ENABLE_OBJC_ARC = YES;
				EXECUTABLE_PREFIX = lib;
				GCC_OPTIMIZATION_LEVEL = 3;
				GCC_PREPROCESSOR_DEFINITIONS = NDEBUG;
				GCC_VERSION = com.apple.compilers.llvm.clang.1_0;
				GCC_WARN_ABOUT_MISSING_NEWLINE = YES;
				HEADER_SEARCH_PATHS = (
					include,
					.,
				);
				OTHER_CFLAGS = (
					"-fstrict-aliasing",
					"-F/Applications/Xcode.app/Contents/Developer/Platforms/MacOSX.platform/Developer/SDKs/MacOSX10.9.sdk/Developer/Library/Frameworks",
					"-F/Applications/Xcode.app/Contents/Developer/Library/Frameworks",
					"-flto",
				);
				PREBINDING = NO;
				PRODUCT_NAME = ispdy;
				SDKROOT = macosx;
				WARNING_CFLAGS = (
					"-Wall",
					"-Wendif-labels",
					"-W",
					"-Wno-unused-parameter",
					"-Wundeclared-selector",
				);
			};
			name = Release;
		};
		5785570D513A7EBB275B394E /* Release */ = {
			isa = XCBuildConfiguration;
			buildSettings = {
				INTERMEDIATE_DIR = "$(PROJECT_DERIVED_FILE_DIR)/$(CONFIGURATION)";
				SHARED_INTERMEDIATE_DIR = "$(SYMROOT)/DerivedSources/$(CONFIGURATION)";
			};
			name = Release;
		};
		6F059A3DB2C7BBB30AA3E3F0 /* Debug */ = {
			isa = XCBuildConfiguration;
			buildSettings = {
				INTERMEDIATE_DIR = "$(PROJECT_DERIVED_FILE_DIR)/$(CONFIGURATION)";
				SHARED_INTERMEDIATE_DIR = "$(SYMROOT)/DerivedSources/$(CONFIGURATION)";
			};
			name = Debug;
		};
		D7D27E8714C790FB3C5033D3 /* Debug */ = {
			isa = XCBuildConfiguration;
			buildSettings = {
				ARCHS = x86_64;
				CLANG_ENABLE_OBJC_ARC = YES;
				EXECUTABLE_PREFIX = lib;
				GCC_OPTIMIZATION_LEVEL = 0;
				GCC_PREPROCESSOR_DEFINITIONS = (
					DEBUG,
					_DEBUG,
				);
				GCC_VERSION = com.apple.compilers.llvm.clang.1_0;
				GCC_WARN_ABOUT_MISSING_NEWLINE = YES;
				HEADER_SEARCH_PATHS = (
					include,
					.,
				);
				OTHER_CFLAGS = (
					"-fstrict-aliasing",
					"-F/Applications/Xcode.app/Contents/Developer/Platforms/MacOSX.platform/Developer/SDKs/MacOSX10.9.sdk/Developer/Library/Frameworks",
					"-F/Applications/Xcode.app/Contents/Developer/Library/Frameworks",
				);
				PREBINDING = NO;
				PRODUCT_NAME = ispdy;
				SDKROOT = macosx;
				WARNING_CFLAGS = (
					"-Wall",
					"-Wendif-labels",
					"-W",
					"-Wno-unused-parameter",
					"-Wundeclared-selector",
				);
			};
			name = Debug;
		};
/* End XCBuildConfiguration section */

/* Begin XCConfigurationList section */
		15BB16B0589D827F9C978649 /* Build configuration list for PBXNativeTarget "ispdy" */ = {
			isa = XCConfigurationList;
			buildConfigurations = (
				D7D27E8714C790FB3C5033D3 /* Debug */,
				40D842764495120BB72CE70E /* Release */,
			);
			defaultConfigurationIsVisible = 1;
			defaultConfigurationName = Debug;
		};
		B56B93D683B8DE014010407A /* Build configuration list for PBXProject "ispdy-macosx" */ = {
			isa = XCConfigurationList;
			buildConfigurations = (
				6F059A3DB2C7BBB30AA3E3F0 /* Debug */,
				5785570D513A7EBB275B394E /* Release */,
			);
			defaultConfigurationIsVisible = 1;
			defaultConfigurationName = Debug;
		};
/* End XCConfigurationList section */
	};
	rootObject = 64C0E7D6A61E828A905ABA91 /* Project object */;
}
